// !$*UTF8*$!
{
	archiveVersion = 1;
	classes = {
	};
	objectVersion = 50;
	objects = {

/* Begin PBXBuildFile section */
		1E69F11A64CEA14EAE98E243 /* Pods_OpenWeatherTestUITests.framework in Frameworks */ = {isa = PBXBuildFile; fileRef = 947FC376B2A44088AAFB0378 /* Pods_OpenWeatherTestUITests.framework */; };
		A7190B4020D46F00003D62A5 /* NetworkManager.swift in Sources */ = {isa = PBXBuildFile; fileRef = A7190B3F20D46F00003D62A5 /* NetworkManager.swift */; };
		A7190B4220D46F5F003D62A5 /* Constants.swift in Sources */ = {isa = PBXBuildFile; fileRef = A7190B4120D46F5F003D62A5 /* Constants.swift */; };
		A7190B4620D4751B003D62A5 /* MapKit.framework in Frameworks */ = {isa = PBXBuildFile; fileRef = A7190B4520D4751B003D62A5 /* MapKit.framework */; };
		A7190B4D20D4802C003D62A5 /* RootRouter.swift in Sources */ = {isa = PBXBuildFile; fileRef = A7190B4C20D4802C003D62A5 /* RootRouter.swift */; };
		A7190B5020D4804D003D62A5 /* RootRouterProtocol.swift in Sources */ = {isa = PBXBuildFile; fileRef = A7190B4F20D4804D003D62A5 /* RootRouterProtocol.swift */; };
		A761B90520D4884200F81F86 /* ContainerViewController.swift in Sources */ = {isa = PBXBuildFile; fileRef = A761B90420D4884200F81F86 /* ContainerViewController.swift */; };
		A761B90920D48B9100F81F86 /* ListPresenter.swift in Sources */ = {isa = PBXBuildFile; fileRef = A761B90820D48B9100F81F86 /* ListPresenter.swift */; };
		A761B90B20D48BA800F81F86 /* ListPresenterProtocol.swift in Sources */ = {isa = PBXBuildFile; fileRef = A761B90A20D48BA800F81F86 /* ListPresenterProtocol.swift */; };
		A761B91D20D48E1000F81F86 /* ListViewControllerProtocol.swift in Sources */ = {isa = PBXBuildFile; fileRef = A761B91C20D48E1000F81F86 /* ListViewControllerProtocol.swift */; };
		A761B92020D4922E00F81F86 /* ContainerPresenterProtocol.swift in Sources */ = {isa = PBXBuildFile; fileRef = A761B91F20D4922E00F81F86 /* ContainerPresenterProtocol.swift */; };
		A761B92220D4924000F81F86 /* ContainerPresenter.swift in Sources */ = {isa = PBXBuildFile; fileRef = A761B92120D4924000F81F86 /* ContainerPresenter.swift */; };
		A761B92620D4939D00F81F86 /* ContainerRouterProtocol.swift in Sources */ = {isa = PBXBuildFile; fileRef = A761B92520D4939D00F81F86 /* ContainerRouterProtocol.swift */; };
		A761B92820D493A800F81F86 /* ContainerRouter.swift in Sources */ = {isa = PBXBuildFile; fileRef = A761B92720D493A800F81F86 /* ContainerRouter.swift */; };
		A761B92B20D493D000F81F86 /* ContainerViewControllerProtocol.swift in Sources */ = {isa = PBXBuildFile; fileRef = A761B92A20D493D000F81F86 /* ContainerViewControllerProtocol.swift */; };
		A761B92D20D494AA00F81F86 /* ContainerInteractor.swift in Sources */ = {isa = PBXBuildFile; fileRef = A761B92C20D494AA00F81F86 /* ContainerInteractor.swift */; };
		A761B92F20D494B500F81F86 /* ContainerInteractorProtocol.swift in Sources */ = {isa = PBXBuildFile; fileRef = A761B92E20D494B500F81F86 /* ContainerInteractorProtocol.swift */; };
		A761B93620D4993E00F81F86 /* MapPresenter.swift in Sources */ = {isa = PBXBuildFile; fileRef = A761B93520D4993E00F81F86 /* MapPresenter.swift */; };
		A761B93820D4994D00F81F86 /* MapPresenterProtocol.swift in Sources */ = {isa = PBXBuildFile; fileRef = A761B93720D4994D00F81F86 /* MapPresenterProtocol.swift */; };
		A761B93E20D49AF500F81F86 /* MapViewControllerProtocol.swift in Sources */ = {isa = PBXBuildFile; fileRef = A761B93D20D49AF500F81F86 /* MapViewControllerProtocol.swift */; };
		A761B94120D49F6F00F81F86 /* Main.storyboard in Resources */ = {isa = PBXBuildFile; fileRef = A761B93F20D49F6F00F81F86 /* Main.storyboard */; };
		A761B94220D49F6F00F81F86 /* LaunchScreen.storyboard in Resources */ = {isa = PBXBuildFile; fileRef = A761B94020D49F6F00F81F86 /* LaunchScreen.storyboard */; };
		A761B94520D4A7BA00F81F86 /* WeatherList.swift in Sources */ = {isa = PBXBuildFile; fileRef = A761B94420D4A7BA00F81F86 /* WeatherList.swift */; };
		A761B94720D4A84300F81F86 /* CityInformation.swift in Sources */ = {isa = PBXBuildFile; fileRef = A761B94620D4A84300F81F86 /* CityInformation.swift */; };
		A761B94920D4A98900F81F86 /* Coordinates.swift in Sources */ = {isa = PBXBuildFile; fileRef = A761B94820D4A98900F81F86 /* Coordinates.swift */; };
		A761B94B20D4ABEF00F81F86 /* Wind.swift in Sources */ = {isa = PBXBuildFile; fileRef = A761B94A20D4ABEF00F81F86 /* Wind.swift */; };
		A761B94D20D4AE2500F81F86 /* Weather.swift in Sources */ = {isa = PBXBuildFile; fileRef = A761B94C20D4AE2500F81F86 /* Weather.swift */; };
		A761B94F20D54C1C00F81F86 /* MainInformation.swift in Sources */ = {isa = PBXBuildFile; fileRef = A761B94E20D54C1C00F81F86 /* MainInformation.swift */; };
		A761B95120D54D1000F81F86 /* CloudInformation.swift in Sources */ = {isa = PBXBuildFile; fileRef = A761B95020D54D1000F81F86 /* CloudInformation.swift */; };
		A761B95320D5984700F81F86 /* ListTableViewCell.swift in Sources */ = {isa = PBXBuildFile; fileRef = A761B95220D5984700F81F86 /* ListTableViewCell.swift */; };
		A761B95520D5A9EB00F81F86 /* UnitHelper.swift in Sources */ = {isa = PBXBuildFile; fileRef = A761B95420D5A9EB00F81F86 /* UnitHelper.swift */; };
		A761B95820D74E6400F81F86 /* MapAnnotation.swift in Sources */ = {isa = PBXBuildFile; fileRef = A761B95720D74E6400F81F86 /* MapAnnotation.swift */; };
		A761B95F20D887D500F81F86 /* NetworkError.swift in Sources */ = {isa = PBXBuildFile; fileRef = A761B95E20D887D500F81F86 /* NetworkError.swift */; };
		A761B96220D88E4700F81F86 /* Error+Code.swift in Sources */ = {isa = PBXBuildFile; fileRef = A761B96120D88E4700F81F86 /* Error+Code.swift */; };
		A761B96420D899B800F81F86 /* KingfisherHelper.swift in Sources */ = {isa = PBXBuildFile; fileRef = A761B96320D899B800F81F86 /* KingfisherHelper.swift */; };
		A761B96920D8A60500F81F86 /* PreviewViewControllerProtocol.swift in Sources */ = {isa = PBXBuildFile; fileRef = A761B96820D8A60500F81F86 /* PreviewViewControllerProtocol.swift */; };
		A761B96B20D8A64D00F81F86 /* PreviewViewController.swift in Sources */ = {isa = PBXBuildFile; fileRef = A761B96A20D8A64D00F81F86 /* PreviewViewController.swift */; };
		A761B96D20D8AC3D00F81F86 /* PreviewRouterProtocol.swift in Sources */ = {isa = PBXBuildFile; fileRef = A761B96C20D8AC3D00F81F86 /* PreviewRouterProtocol.swift */; };
		A761B96F20D8AC6100F81F86 /* PreviewRouter.swift in Sources */ = {isa = PBXBuildFile; fileRef = A761B96E20D8AC6100F81F86 /* PreviewRouter.swift */; };
		A761B97120D9269E00F81F86 /* DecodingError.swift in Sources */ = {isa = PBXBuildFile; fileRef = A761B97020D9269E00F81F86 /* DecodingError.swift */; };
		A761B97320D9275200F81F86 /* GenericError.swift in Sources */ = {isa = PBXBuildFile; fileRef = A761B97220D9275200F81F86 /* GenericError.swift */; };
		A76348E620DEAC0600AD883A /* Loadable.swift in Sources */ = {isa = PBXBuildFile; fileRef = A76348E520DEAC0600AD883A /* Loadable.swift */; };
		A76348EE20E727B600AD883A /* PreviewPresenterProtocol.swift in Sources */ = {isa = PBXBuildFile; fileRef = A76348ED20E727B600AD883A /* PreviewPresenterProtocol.swift */; };
		A76348F020E7280200AD883A /* PreviewPresenter.swift in Sources */ = {isa = PBXBuildFile; fileRef = A76348EF20E7280200AD883A /* PreviewPresenter.swift */; };
		A7A16A2020D1DAFD003E1830 /* AppDelegate.swift in Sources */ = {isa = PBXBuildFile; fileRef = A7A16A1F20D1DAFD003E1830 /* AppDelegate.swift */; };
		A7A16A2220D1DAFD003E1830 /* ListViewController.swift in Sources */ = {isa = PBXBuildFile; fileRef = A7A16A2120D1DAFD003E1830 /* ListViewController.swift */; };
		A7A16A2420D1DAFD003E1830 /* MapViewController.swift in Sources */ = {isa = PBXBuildFile; fileRef = A7A16A2320D1DAFD003E1830 /* MapViewController.swift */; };
		A7A16A2920D1DAFE003E1830 /* Assets.xcassets in Resources */ = {isa = PBXBuildFile; fileRef = A7A16A2820D1DAFE003E1830 /* Assets.xcassets */; };
		A7A16A3720D1DAFE003E1830 /* OpenWeatherTestTests.swift in Sources */ = {isa = PBXBuildFile; fileRef = A7A16A3620D1DAFE003E1830 /* OpenWeatherTestTests.swift */; };
		A7A16A4220D1DAFE003E1830 /* OpenWeatherTestUITests.swift in Sources */ = {isa = PBXBuildFile; fileRef = A7A16A4120D1DAFE003E1830 /* OpenWeatherTestUITests.swift */; };
		C4C23E411D32D2396C06CC27 /* Pods_OpenWeatherTest.framework in Frameworks */ = {isa = PBXBuildFile; fileRef = E2026D95EF15C8E14E968E07 /* Pods_OpenWeatherTest.framework */; };
		EDD1B267973916D8CB7AABC0 /* Pods_OpenWeatherTestTests.framework in Frameworks */ = {isa = PBXBuildFile; fileRef = CEFD05ECB2B02AF33E038EFF /* Pods_OpenWeatherTestTests.framework */; };
/* End PBXBuildFile section */

/* Begin PBXContainerItemProxy section */
		A7A16A3320D1DAFE003E1830 /* PBXContainerItemProxy */ = {
			isa = PBXContainerItemProxy;
			containerPortal = A7A16A1420D1DAFD003E1830 /* Project object */;
			proxyType = 1;
			remoteGlobalIDString = A7A16A1B20D1DAFD003E1830;
			remoteInfo = OpenWeatherTest;
		};
		A7A16A3E20D1DAFE003E1830 /* PBXContainerItemProxy */ = {
			isa = PBXContainerItemProxy;
			containerPortal = A7A16A1420D1DAFD003E1830 /* Project object */;
			proxyType = 1;
			remoteGlobalIDString = A7A16A1B20D1DAFD003E1830;
			remoteInfo = OpenWeatherTest;
		};
/* End PBXContainerItemProxy section */

/* Begin PBXFileReference section */
		5702A6011E3942D1B14E894A /* Pods-OpenWeatherTestTests.release.xcconfig */ = {isa = PBXFileReference; includeInIndex = 1; lastKnownFileType = text.xcconfig; name = "Pods-OpenWeatherTestTests.release.xcconfig"; path = "Pods/Target Support Files/Pods-OpenWeatherTestTests/Pods-OpenWeatherTestTests.release.xcconfig"; sourceTree = "<group>"; };
		835C7B2633408FBC75BCEBD3 /* Pods-OpenWeatherTest.debug.xcconfig */ = {isa = PBXFileReference; includeInIndex = 1; lastKnownFileType = text.xcconfig; name = "Pods-OpenWeatherTest.debug.xcconfig"; path = "Pods/Target Support Files/Pods-OpenWeatherTest/Pods-OpenWeatherTest.debug.xcconfig"; sourceTree = "<group>"; };
		84414A023A0B8EEF5848241F /* Pods-OpenWeatherTestUITests.debug.xcconfig */ = {isa = PBXFileReference; includeInIndex = 1; lastKnownFileType = text.xcconfig; name = "Pods-OpenWeatherTestUITests.debug.xcconfig"; path = "Pods/Target Support Files/Pods-OpenWeatherTestUITests/Pods-OpenWeatherTestUITests.debug.xcconfig"; sourceTree = "<group>"; };
		947FC376B2A44088AAFB0378 /* Pods_OpenWeatherTestUITests.framework */ = {isa = PBXFileReference; explicitFileType = wrapper.framework; includeInIndex = 0; path = Pods_OpenWeatherTestUITests.framework; sourceTree = BUILT_PRODUCTS_DIR; };
		989871E5AA6A5C18AD1CDCDC /* Pods-OpenWeatherTest.release.xcconfig */ = {isa = PBXFileReference; includeInIndex = 1; lastKnownFileType = text.xcconfig; name = "Pods-OpenWeatherTest.release.xcconfig"; path = "Pods/Target Support Files/Pods-OpenWeatherTest/Pods-OpenWeatherTest.release.xcconfig"; sourceTree = "<group>"; };
		A34C5B42B05C62BD9565D493 /* Pods-OpenWeatherTestUITests.release.xcconfig */ = {isa = PBXFileReference; includeInIndex = 1; lastKnownFileType = text.xcconfig; name = "Pods-OpenWeatherTestUITests.release.xcconfig"; path = "Pods/Target Support Files/Pods-OpenWeatherTestUITests/Pods-OpenWeatherTestUITests.release.xcconfig"; sourceTree = "<group>"; };
		A7190B3F20D46F00003D62A5 /* NetworkManager.swift */ = {isa = PBXFileReference; lastKnownFileType = sourcecode.swift; path = NetworkManager.swift; sourceTree = "<group>"; };
		A7190B4120D46F5F003D62A5 /* Constants.swift */ = {isa = PBXFileReference; lastKnownFileType = sourcecode.swift; path = Constants.swift; sourceTree = "<group>"; };
		A7190B4520D4751B003D62A5 /* MapKit.framework */ = {isa = PBXFileReference; lastKnownFileType = wrapper.framework; name = MapKit.framework; path = System/Library/Frameworks/MapKit.framework; sourceTree = SDKROOT; };
		A7190B4C20D4802C003D62A5 /* RootRouter.swift */ = {isa = PBXFileReference; lastKnownFileType = sourcecode.swift; path = RootRouter.swift; sourceTree = "<group>"; };
		A7190B4F20D4804D003D62A5 /* RootRouterProtocol.swift */ = {isa = PBXFileReference; lastKnownFileType = sourcecode.swift; path = RootRouterProtocol.swift; sourceTree = "<group>"; };
		A761B90420D4884200F81F86 /* ContainerViewController.swift */ = {isa = PBXFileReference; lastKnownFileType = sourcecode.swift; path = ContainerViewController.swift; sourceTree = "<group>"; };
		A761B90820D48B9100F81F86 /* ListPresenter.swift */ = {isa = PBXFileReference; lastKnownFileType = sourcecode.swift; path = ListPresenter.swift; sourceTree = "<group>"; };
		A761B90A20D48BA800F81F86 /* ListPresenterProtocol.swift */ = {isa = PBXFileReference; lastKnownFileType = sourcecode.swift; path = ListPresenterProtocol.swift; sourceTree = "<group>"; };
		A761B91C20D48E1000F81F86 /* ListViewControllerProtocol.swift */ = {isa = PBXFileReference; lastKnownFileType = sourcecode.swift; path = ListViewControllerProtocol.swift; sourceTree = "<group>"; };
		A761B91F20D4922E00F81F86 /* ContainerPresenterProtocol.swift */ = {isa = PBXFileReference; lastKnownFileType = sourcecode.swift; path = ContainerPresenterProtocol.swift; sourceTree = "<group>"; };
		A761B92120D4924000F81F86 /* ContainerPresenter.swift */ = {isa = PBXFileReference; lastKnownFileType = sourcecode.swift; path = ContainerPresenter.swift; sourceTree = "<group>"; };
		A761B92520D4939D00F81F86 /* ContainerRouterProtocol.swift */ = {isa = PBXFileReference; lastKnownFileType = sourcecode.swift; path = ContainerRouterProtocol.swift; sourceTree = "<group>"; };
		A761B92720D493A800F81F86 /* ContainerRouter.swift */ = {isa = PBXFileReference; lastKnownFileType = sourcecode.swift; path = ContainerRouter.swift; sourceTree = "<group>"; };
		A761B92A20D493D000F81F86 /* ContainerViewControllerProtocol.swift */ = {isa = PBXFileReference; lastKnownFileType = sourcecode.swift; path = ContainerViewControllerProtocol.swift; sourceTree = "<group>"; };
		A761B92C20D494AA00F81F86 /* ContainerInteractor.swift */ = {isa = PBXFileReference; lastKnownFileType = sourcecode.swift; path = ContainerInteractor.swift; sourceTree = "<group>"; };
		A761B92E20D494B500F81F86 /* ContainerInteractorProtocol.swift */ = {isa = PBXFileReference; lastKnownFileType = sourcecode.swift; path = ContainerInteractorProtocol.swift; sourceTree = "<group>"; };
		A761B93520D4993E00F81F86 /* MapPresenter.swift */ = {isa = PBXFileReference; lastKnownFileType = sourcecode.swift; path = MapPresenter.swift; sourceTree = "<group>"; };
		A761B93720D4994D00F81F86 /* MapPresenterProtocol.swift */ = {isa = PBXFileReference; lastKnownFileType = sourcecode.swift; path = MapPresenterProtocol.swift; sourceTree = "<group>"; };
		A761B93D20D49AF500F81F86 /* MapViewControllerProtocol.swift */ = {isa = PBXFileReference; lastKnownFileType = sourcecode.swift; path = MapViewControllerProtocol.swift; sourceTree = "<group>"; };
		A761B93F20D49F6F00F81F86 /* Main.storyboard */ = {isa = PBXFileReference; fileEncoding = 4; lastKnownFileType = file.storyboard; path = Main.storyboard; sourceTree = "<group>"; };
		A761B94020D49F6F00F81F86 /* LaunchScreen.storyboard */ = {isa = PBXFileReference; fileEncoding = 4; lastKnownFileType = file.storyboard; path = LaunchScreen.storyboard; sourceTree = "<group>"; };
		A761B94420D4A7BA00F81F86 /* WeatherList.swift */ = {isa = PBXFileReference; lastKnownFileType = sourcecode.swift; path = WeatherList.swift; sourceTree = "<group>"; };
		A761B94620D4A84300F81F86 /* CityInformation.swift */ = {isa = PBXFileReference; lastKnownFileType = sourcecode.swift; path = CityInformation.swift; sourceTree = "<group>"; };
		A761B94820D4A98900F81F86 /* Coordinates.swift */ = {isa = PBXFileReference; lastKnownFileType = sourcecode.swift; path = Coordinates.swift; sourceTree = "<group>"; };
		A761B94A20D4ABEF00F81F86 /* Wind.swift */ = {isa = PBXFileReference; lastKnownFileType = sourcecode.swift; path = Wind.swift; sourceTree = "<group>"; };
		A761B94C20D4AE2500F81F86 /* Weather.swift */ = {isa = PBXFileReference; lastKnownFileType = sourcecode.swift; path = Weather.swift; sourceTree = "<group>"; };
		A761B94E20D54C1C00F81F86 /* MainInformation.swift */ = {isa = PBXFileReference; lastKnownFileType = sourcecode.swift; path = MainInformation.swift; sourceTree = "<group>"; };
		A761B95020D54D1000F81F86 /* CloudInformation.swift */ = {isa = PBXFileReference; lastKnownFileType = sourcecode.swift; path = CloudInformation.swift; sourceTree = "<group>"; };
		A761B95220D5984700F81F86 /* ListTableViewCell.swift */ = {isa = PBXFileReference; lastKnownFileType = sourcecode.swift; path = ListTableViewCell.swift; sourceTree = "<group>"; };
		A761B95420D5A9EB00F81F86 /* UnitHelper.swift */ = {isa = PBXFileReference; lastKnownFileType = sourcecode.swift; path = UnitHelper.swift; sourceTree = "<group>"; };
		A761B95720D74E6400F81F86 /* MapAnnotation.swift */ = {isa = PBXFileReference; lastKnownFileType = sourcecode.swift; path = MapAnnotation.swift; sourceTree = "<group>"; };
		A761B95E20D887D500F81F86 /* NetworkError.swift */ = {isa = PBXFileReference; lastKnownFileType = sourcecode.swift; path = NetworkError.swift; sourceTree = "<group>"; };
		A761B96120D88E4700F81F86 /* Error+Code.swift */ = {isa = PBXFileReference; lastKnownFileType = sourcecode.swift; path = "Error+Code.swift"; sourceTree = "<group>"; };
		A761B96320D899B800F81F86 /* KingfisherHelper.swift */ = {isa = PBXFileReference; lastKnownFileType = sourcecode.swift; path = KingfisherHelper.swift; sourceTree = "<group>"; };
		A761B96820D8A60500F81F86 /* PreviewViewControllerProtocol.swift */ = {isa = PBXFileReference; lastKnownFileType = sourcecode.swift; path = PreviewViewControllerProtocol.swift; sourceTree = "<group>"; };
		A761B96A20D8A64D00F81F86 /* PreviewViewController.swift */ = {isa = PBXFileReference; lastKnownFileType = sourcecode.swift; path = PreviewViewController.swift; sourceTree = "<group>"; };
		A761B96C20D8AC3D00F81F86 /* PreviewRouterProtocol.swift */ = {isa = PBXFileReference; lastKnownFileType = sourcecode.swift; path = PreviewRouterProtocol.swift; sourceTree = "<group>"; };
		A761B96E20D8AC6100F81F86 /* PreviewRouter.swift */ = {isa = PBXFileReference; lastKnownFileType = sourcecode.swift; path = PreviewRouter.swift; sourceTree = "<group>"; };
		A761B97020D9269E00F81F86 /* DecodingError.swift */ = {isa = PBXFileReference; lastKnownFileType = sourcecode.swift; path = DecodingError.swift; sourceTree = "<group>"; };
		A761B97220D9275200F81F86 /* GenericError.swift */ = {isa = PBXFileReference; lastKnownFileType = sourcecode.swift; path = GenericError.swift; sourceTree = "<group>"; };
		A76348E520DEAC0600AD883A /* Loadable.swift */ = {isa = PBXFileReference; fileEncoding = 4; lastKnownFileType = sourcecode.swift; path = Loadable.swift; sourceTree = "<group>"; };
		A76348ED20E727B600AD883A /* PreviewPresenterProtocol.swift */ = {isa = PBXFileReference; lastKnownFileType = sourcecode.swift; path = PreviewPresenterProtocol.swift; sourceTree = "<group>"; };
		A76348EF20E7280200AD883A /* PreviewPresenter.swift */ = {isa = PBXFileReference; lastKnownFileType = sourcecode.swift; path = PreviewPresenter.swift; sourceTree = "<group>"; };
		A7A16A1C20D1DAFD003E1830 /* OpenWeatherTest.app */ = {isa = PBXFileReference; explicitFileType = wrapper.application; includeInIndex = 0; path = OpenWeatherTest.app; sourceTree = BUILT_PRODUCTS_DIR; };
		A7A16A1F20D1DAFD003E1830 /* AppDelegate.swift */ = {isa = PBXFileReference; lastKnownFileType = sourcecode.swift; path = AppDelegate.swift; sourceTree = "<group>"; };
		A7A16A2120D1DAFD003E1830 /* ListViewController.swift */ = {isa = PBXFileReference; lastKnownFileType = sourcecode.swift; path = ListViewController.swift; sourceTree = "<group>"; };
		A7A16A2320D1DAFD003E1830 /* MapViewController.swift */ = {isa = PBXFileReference; lastKnownFileType = sourcecode.swift; path = MapViewController.swift; sourceTree = "<group>"; };
		A7A16A2820D1DAFE003E1830 /* Assets.xcassets */ = {isa = PBXFileReference; lastKnownFileType = folder.assetcatalog; path = Assets.xcassets; sourceTree = "<group>"; };
		A7A16A2D20D1DAFE003E1830 /* Info.plist */ = {isa = PBXFileReference; lastKnownFileType = text.plist.xml; path = Info.plist; sourceTree = "<group>"; };
		A7A16A3220D1DAFE003E1830 /* OpenWeatherTestTests.xctest */ = {isa = PBXFileReference; explicitFileType = wrapper.cfbundle; includeInIndex = 0; path = OpenWeatherTestTests.xctest; sourceTree = BUILT_PRODUCTS_DIR; };
		A7A16A3620D1DAFE003E1830 /* OpenWeatherTestTests.swift */ = {isa = PBXFileReference; lastKnownFileType = sourcecode.swift; path = OpenWeatherTestTests.swift; sourceTree = "<group>"; };
		A7A16A3820D1DAFE003E1830 /* Info.plist */ = {isa = PBXFileReference; lastKnownFileType = text.plist.xml; path = Info.plist; sourceTree = "<group>"; };
		A7A16A3D20D1DAFE003E1830 /* OpenWeatherTestUITests.xctest */ = {isa = PBXFileReference; explicitFileType = wrapper.cfbundle; includeInIndex = 0; path = OpenWeatherTestUITests.xctest; sourceTree = BUILT_PRODUCTS_DIR; };
		A7A16A4120D1DAFE003E1830 /* OpenWeatherTestUITests.swift */ = {isa = PBXFileReference; lastKnownFileType = sourcecode.swift; path = OpenWeatherTestUITests.swift; sourceTree = "<group>"; };
		A7A16A4320D1DAFE003E1830 /* Info.plist */ = {isa = PBXFileReference; lastKnownFileType = text.plist.xml; path = Info.plist; sourceTree = "<group>"; };
		B7F05F3FF7A8C91EFC0F10A7 /* Pods-OpenWeatherTestTests.debug.xcconfig */ = {isa = PBXFileReference; includeInIndex = 1; lastKnownFileType = text.xcconfig; name = "Pods-OpenWeatherTestTests.debug.xcconfig"; path = "Pods/Target Support Files/Pods-OpenWeatherTestTests/Pods-OpenWeatherTestTests.debug.xcconfig"; sourceTree = "<group>"; };
		CEFD05ECB2B02AF33E038EFF /* Pods_OpenWeatherTestTests.framework */ = {isa = PBXFileReference; explicitFileType = wrapper.framework; includeInIndex = 0; path = Pods_OpenWeatherTestTests.framework; sourceTree = BUILT_PRODUCTS_DIR; };
		E2026D95EF15C8E14E968E07 /* Pods_OpenWeatherTest.framework */ = {isa = PBXFileReference; explicitFileType = wrapper.framework; includeInIndex = 0; path = Pods_OpenWeatherTest.framework; sourceTree = BUILT_PRODUCTS_DIR; };
/* End PBXFileReference section */

/* Begin PBXFrameworksBuildPhase section */
		A7A16A1920D1DAFD003E1830 /* Frameworks */ = {
			isa = PBXFrameworksBuildPhase;
			buildActionMask = 2147483647;
			files = (
				A7190B4620D4751B003D62A5 /* MapKit.framework in Frameworks */,
				C4C23E411D32D2396C06CC27 /* Pods_OpenWeatherTest.framework in Frameworks */,
			);
			runOnlyForDeploymentPostprocessing = 0;
		};
		A7A16A2F20D1DAFE003E1830 /* Frameworks */ = {
			isa = PBXFrameworksBuildPhase;
			buildActionMask = 2147483647;
			files = (
				EDD1B267973916D8CB7AABC0 /* Pods_OpenWeatherTestTests.framework in Frameworks */,
			);
			runOnlyForDeploymentPostprocessing = 0;
		};
		A7A16A3A20D1DAFE003E1830 /* Frameworks */ = {
			isa = PBXFrameworksBuildPhase;
			buildActionMask = 2147483647;
			files = (
				1E69F11A64CEA14EAE98E243 /* Pods_OpenWeatherTestUITests.framework in Frameworks */,
			);
			runOnlyForDeploymentPostprocessing = 0;
		};
/* End PBXFrameworksBuildPhase section */

/* Begin PBXGroup section */
		66EBBF111051BD40A163515C /* Pods */ = {
			isa = PBXGroup;
			children = (
				835C7B2633408FBC75BCEBD3 /* Pods-OpenWeatherTest.debug.xcconfig */,
				989871E5AA6A5C18AD1CDCDC /* Pods-OpenWeatherTest.release.xcconfig */,
				B7F05F3FF7A8C91EFC0F10A7 /* Pods-OpenWeatherTestTests.debug.xcconfig */,
				5702A6011E3942D1B14E894A /* Pods-OpenWeatherTestTests.release.xcconfig */,
				84414A023A0B8EEF5848241F /* Pods-OpenWeatherTestUITests.debug.xcconfig */,
				A34C5B42B05C62BD9565D493 /* Pods-OpenWeatherTestUITests.release.xcconfig */,
			);
			name = Pods;
			sourceTree = "<group>";
		};
		82D41E3F3D610868C2C67DD7 /* Frameworks */ = {
			isa = PBXGroup;
			children = (
				A7190B4520D4751B003D62A5 /* MapKit.framework */,
				E2026D95EF15C8E14E968E07 /* Pods_OpenWeatherTest.framework */,
				CEFD05ECB2B02AF33E038EFF /* Pods_OpenWeatherTestTests.framework */,
				947FC376B2A44088AAFB0378 /* Pods_OpenWeatherTestUITests.framework */,
			);
			name = Frameworks;
			sourceTree = "<group>";
		};
		A7190B3520D1F2AA003D62A5 /* List */ = {
			isa = PBXGroup;
			children = (
				A7190B3720D1F2BC003D62A5 /* Presenter */,
				A7190B3620D1F2B4003D62A5 /* View */,
			);
			path = List;
			sourceTree = "<group>";
		};
		A7190B3620D1F2B4003D62A5 /* View */ = {
			isa = PBXGroup;
			children = (
				A7A16A2120D1DAFD003E1830 /* ListViewController.swift */,
				A761B91C20D48E1000F81F86 /* ListViewControllerProtocol.swift */,
				A761B95220D5984700F81F86 /* ListTableViewCell.swift */,
			);
			path = View;
			sourceTree = "<group>";
		};
		A7190B3720D1F2BC003D62A5 /* Presenter */ = {
			isa = PBXGroup;
			children = (
				A761B90820D48B9100F81F86 /* ListPresenter.swift */,
				A761B90A20D48BA800F81F86 /* ListPresenterProtocol.swift */,
			);
			path = Presenter;
			sourceTree = "<group>";
		};
		A7190B3920D1F2CA003D62A5 /* Map */ = {
			isa = PBXGroup;
			children = (
				A761B95620D74E5700F81F86 /* Model */,
				A7190B3B20D1F2D3003D62A5 /* Presenter */,
				A7190B3C20D1F2D7003D62A5 /* View */,
			);
			path = Map;
			sourceTree = "<group>";
		};
		A7190B3B20D1F2D3003D62A5 /* Presenter */ = {
			isa = PBXGroup;
			children = (
				A761B93520D4993E00F81F86 /* MapPresenter.swift */,
				A761B93720D4994D00F81F86 /* MapPresenterProtocol.swift */,
			);
			path = Presenter;
			sourceTree = "<group>";
		};
		A7190B3C20D1F2D7003D62A5 /* View */ = {
			isa = PBXGroup;
			children = (
				A7A16A2320D1DAFD003E1830 /* MapViewController.swift */,
				A761B93D20D49AF500F81F86 /* MapViewControllerProtocol.swift */,
			);
			path = View;
			sourceTree = "<group>";
		};
		A7190B3D20D1F2E6003D62A5 /* Application */ = {
			isa = PBXGroup;
			children = (
				A761B94020D49F6F00F81F86 /* LaunchScreen.storyboard */,
				A761B93F20D49F6F00F81F86 /* Main.storyboard */,
				A7A16A1F20D1DAFD003E1830 /* AppDelegate.swift */,
				A7A16A2820D1DAFE003E1830 /* Assets.xcassets */,
				A7A16A2D20D1DAFE003E1830 /* Info.plist */,
			);
			path = Application;
			sourceTree = "<group>";
		};
		A7190B3E20D46ED1003D62A5 /* Common */ = {
			isa = PBXGroup;
			children = (
				A749E5DE20D9E492002FDDCF /* Protocols */,
				A761B95D20D8878C00F81F86 /* Error */,
				A761B94320D4A79800F81F86 /* Model */,
				A7190B4120D46F5F003D62A5 /* Constants.swift */,
				A7190B3F20D46F00003D62A5 /* NetworkManager.swift */,
				A761B95420D5A9EB00F81F86 /* UnitHelper.swift */,
				A761B96320D899B800F81F86 /* KingfisherHelper.swift */,
			);
			path = Common;
			sourceTree = "<group>";
		};
		A7190B4A20D47FEF003D62A5 /* Root */ = {
			isa = PBXGroup;
			children = (
				A7190B4B20D48022003D62A5 /* Router */,
			);
			path = Root;
			sourceTree = "<group>";
		};
		A7190B4B20D48022003D62A5 /* Router */ = {
			isa = PBXGroup;
			children = (
				A7190B4C20D4802C003D62A5 /* RootRouter.swift */,
				A7190B4F20D4804D003D62A5 /* RootRouterProtocol.swift */,
			);
			path = Router;
			sourceTree = "<group>";
		};
		A749E5DE20D9E492002FDDCF /* Protocols */ = {
			isa = PBXGroup;
			children = (
				A76348E520DEAC0600AD883A /* Loadable.swift */,
			);
			path = Protocols;
			sourceTree = "<group>";
		};
		A761B90220D4881F00F81F86 /* Container */ = {
			isa = PBXGroup;
			children = (
				A761B92420D492EE00F81F86 /* Interactor */,
				A761B91E20D491B200F81F86 /* Presenter */,
				A761B92320D492E900F81F86 /* Router */,
				A761B90320D4882C00F81F86 /* View */,
			);
			path = Container;
			sourceTree = "<group>";
		};
		A761B90320D4882C00F81F86 /* View */ = {
			isa = PBXGroup;
			children = (
				A761B90420D4884200F81F86 /* ContainerViewController.swift */,
				A761B92A20D493D000F81F86 /* ContainerViewControllerProtocol.swift */,
			);
			path = View;
			sourceTree = "<group>";
		};
		A761B91E20D491B200F81F86 /* Presenter */ = {
			isa = PBXGroup;
			children = (
				A761B92120D4924000F81F86 /* ContainerPresenter.swift */,
				A761B91F20D4922E00F81F86 /* ContainerPresenterProtocol.swift */,
			);
			path = Presenter;
			sourceTree = "<group>";
		};
		A761B92320D492E900F81F86 /* Router */ = {
			isa = PBXGroup;
			children = (
				A761B92720D493A800F81F86 /* ContainerRouter.swift */,
				A761B92520D4939D00F81F86 /* ContainerRouterProtocol.swift */,
			);
			path = Router;
			sourceTree = "<group>";
		};
		A761B92420D492EE00F81F86 /* Interactor */ = {
			isa = PBXGroup;
			children = (
				A761B92C20D494AA00F81F86 /* ContainerInteractor.swift */,
				A761B92E20D494B500F81F86 /* ContainerInteractorProtocol.swift */,
			);
			path = Interactor;
			sourceTree = "<group>";
		};
		A761B94320D4A79800F81F86 /* Model */ = {
			isa = PBXGroup;
			children = (
				A761B94620D4A84300F81F86 /* CityInformation.swift */,
				A761B95020D54D1000F81F86 /* CloudInformation.swift */,
				A761B94820D4A98900F81F86 /* Coordinates.swift */,
				A761B94E20D54C1C00F81F86 /* MainInformation.swift */,
				A761B94C20D4AE2500F81F86 /* Weather.swift */,
				A761B94420D4A7BA00F81F86 /* WeatherList.swift */,
				A761B94A20D4ABEF00F81F86 /* Wind.swift */,
			);
			path = Model;
			sourceTree = "<group>";
		};
		A761B95620D74E5700F81F86 /* Model */ = {
			isa = PBXGroup;
			children = (
				A761B95720D74E6400F81F86 /* MapAnnotation.swift */,
			);
			path = Model;
			sourceTree = "<group>";
		};
		A761B95D20D8878C00F81F86 /* Error */ = {
			isa = PBXGroup;
			children = (
				A761B97020D9269E00F81F86 /* DecodingError.swift */,
				A761B96120D88E4700F81F86 /* Error+Code.swift */,
				A761B97220D9275200F81F86 /* GenericError.swift */,
				A761B95E20D887D500F81F86 /* NetworkError.swift */,
			);
			path = Error;
			sourceTree = "<group>";
		};
		A761B96520D8A5D100F81F86 /* PreviewViewController */ = {
			isa = PBXGroup;
			children = (
				A76348EC20E7279700AD883A /* Presenter */,
				A761B96620D8A5E200F81F86 /* Router */,
				A761B96720D8A5E700F81F86 /* View */,
			);
			path = PreviewViewController;
			sourceTree = "<group>";
		};
		A761B96620D8A5E200F81F86 /* Router */ = {
			isa = PBXGroup;
			children = (
				A761B96C20D8AC3D00F81F86 /* PreviewRouterProtocol.swift */,
				A761B96E20D8AC6100F81F86 /* PreviewRouter.swift */,
			);
			path = Router;
			sourceTree = "<group>";
		};
		A761B96720D8A5E700F81F86 /* View */ = {
			isa = PBXGroup;
			children = (
				A761B96820D8A60500F81F86 /* PreviewViewControllerProtocol.swift */,
				A761B96A20D8A64D00F81F86 /* PreviewViewController.swift */,
			);
			path = View;
			sourceTree = "<group>";
		};
		A76348EC20E7279700AD883A /* Presenter */ = {
			isa = PBXGroup;
			children = (
				A76348ED20E727B600AD883A /* PreviewPresenterProtocol.swift */,
				A76348EF20E7280200AD883A /* PreviewPresenter.swift */,
			);
			path = Presenter;
			sourceTree = "<group>";
		};
		A7A16A1320D1DAFD003E1830 = {
			isa = PBXGroup;
			children = (
				A7A16A1E20D1DAFD003E1830 /* OpenWeatherTest */,
				A7A16A3520D1DAFE003E1830 /* OpenWeatherTestTests */,
				A7A16A4020D1DAFE003E1830 /* OpenWeatherTestUITests */,
				A7A16A1D20D1DAFD003E1830 /* Products */,
				66EBBF111051BD40A163515C /* Pods */,
				82D41E3F3D610868C2C67DD7 /* Frameworks */,
			);
			sourceTree = "<group>";
		};
		A7A16A1D20D1DAFD003E1830 /* Products */ = {
			isa = PBXGroup;
			children = (
				A7A16A1C20D1DAFD003E1830 /* OpenWeatherTest.app */,
				A7A16A3220D1DAFE003E1830 /* OpenWeatherTestTests.xctest */,
				A7A16A3D20D1DAFE003E1830 /* OpenWeatherTestUITests.xctest */,
			);
			name = Products;
			sourceTree = "<group>";
		};
		A7A16A1E20D1DAFD003E1830 /* OpenWeatherTest */ = {
			isa = PBXGroup;
			children = (
				A7190B3D20D1F2E6003D62A5 /* Application */,
				A7190B3E20D46ED1003D62A5 /* Common */,
				A761B90220D4881F00F81F86 /* Container */,
				A7190B3520D1F2AA003D62A5 /* List */,
				A7190B3920D1F2CA003D62A5 /* Map */,
				A761B96520D8A5D100F81F86 /* PreviewViewController */,
				A7190B4A20D47FEF003D62A5 /* Root */,
			);
			path = OpenWeatherTest;
			sourceTree = "<group>";
		};
		A7A16A3520D1DAFE003E1830 /* OpenWeatherTestTests */ = {
			isa = PBXGroup;
			children = (
				A7A16A3620D1DAFE003E1830 /* OpenWeatherTestTests.swift */,
				A7A16A3820D1DAFE003E1830 /* Info.plist */,
			);
			path = OpenWeatherTestTests;
			sourceTree = "<group>";
		};
		A7A16A4020D1DAFE003E1830 /* OpenWeatherTestUITests */ = {
			isa = PBXGroup;
			children = (
				A7A16A4120D1DAFE003E1830 /* OpenWeatherTestUITests.swift */,
				A7A16A4320D1DAFE003E1830 /* Info.plist */,
			);
			path = OpenWeatherTestUITests;
			sourceTree = "<group>";
		};
/* End PBXGroup section */

/* Begin PBXNativeTarget section */
		A7A16A1B20D1DAFD003E1830 /* OpenWeatherTest */ = {
			isa = PBXNativeTarget;
			buildConfigurationList = A7A16A4620D1DAFE003E1830 /* Build configuration list for PBXNativeTarget "OpenWeatherTest" */;
			buildPhases = (
				442C992DA0AFEE00745FC590 /* [CP] Check Pods Manifest.lock */,
				A7A16A1820D1DAFD003E1830 /* Sources */,
				A7A16A1920D1DAFD003E1830 /* Frameworks */,
				A7A16A1A20D1DAFD003E1830 /* Resources */,
				A38FA32CCF08D0BE98766055 /* [CP] Embed Pods Frameworks */,
				A7190B3420D1F1A3003D62A5 /* Increase Build Number */,
			);
			buildRules = (
			);
			dependencies = (
			);
			name = OpenWeatherTest;
			productName = OpenWeatherTest;
			productReference = A7A16A1C20D1DAFD003E1830 /* OpenWeatherTest.app */;
			productType = "com.apple.product-type.application";
		};
		A7A16A3120D1DAFE003E1830 /* OpenWeatherTestTests */ = {
			isa = PBXNativeTarget;
			buildConfigurationList = A7A16A4920D1DAFE003E1830 /* Build configuration list for PBXNativeTarget "OpenWeatherTestTests" */;
			buildPhases = (
				554540CD4ED74D0C88C4640D /* [CP] Check Pods Manifest.lock */,
				A7A16A2E20D1DAFE003E1830 /* Sources */,
				A7A16A2F20D1DAFE003E1830 /* Frameworks */,
				A7A16A3020D1DAFE003E1830 /* Resources */,
			);
			buildRules = (
			);
			dependencies = (
				A7A16A3420D1DAFE003E1830 /* PBXTargetDependency */,
			);
			name = OpenWeatherTestTests;
			productName = OpenWeatherTestTests;
			productReference = A7A16A3220D1DAFE003E1830 /* OpenWeatherTestTests.xctest */;
			productType = "com.apple.product-type.bundle.unit-test";
		};
		A7A16A3C20D1DAFE003E1830 /* OpenWeatherTestUITests */ = {
			isa = PBXNativeTarget;
			buildConfigurationList = A7A16A4C20D1DAFE003E1830 /* Build configuration list for PBXNativeTarget "OpenWeatherTestUITests" */;
			buildPhases = (
				2AA48C4CFBFA8A424BCD172E /* [CP] Check Pods Manifest.lock */,
				A7A16A3920D1DAFE003E1830 /* Sources */,
				A7A16A3A20D1DAFE003E1830 /* Frameworks */,
				A7A16A3B20D1DAFE003E1830 /* Resources */,
			);
			buildRules = (
			);
			dependencies = (
				A7A16A3F20D1DAFE003E1830 /* PBXTargetDependency */,
			);
			name = OpenWeatherTestUITests;
			productName = OpenWeatherTestUITests;
			productReference = A7A16A3D20D1DAFE003E1830 /* OpenWeatherTestUITests.xctest */;
			productType = "com.apple.product-type.bundle.ui-testing";
		};
/* End PBXNativeTarget section */

/* Begin PBXProject section */
		A7A16A1420D1DAFD003E1830 /* Project object */ = {
			isa = PBXProject;
			attributes = {
				LastSwiftUpdateCheck = 0940;
				LastUpgradeCheck = 0940;
				ORGANIZATIONNAME = "Gabriel Beltrame Silva";
				TargetAttributes = {
					A7A16A1B20D1DAFD003E1830 = {
						CreatedOnToolsVersion = 9.4.1;
						SystemCapabilities = {
							com.apple.Maps.iOS = {
								enabled = 1;
							};
						};
					};
					A7A16A3120D1DAFE003E1830 = {
						CreatedOnToolsVersion = 9.4.1;
						TestTargetID = A7A16A1B20D1DAFD003E1830;
					};
					A7A16A3C20D1DAFE003E1830 = {
						CreatedOnToolsVersion = 9.4.1;
						TestTargetID = A7A16A1B20D1DAFD003E1830;
					};
				};
			};
			buildConfigurationList = A7A16A1720D1DAFD003E1830 /* Build configuration list for PBXProject "OpenWeatherTest" */;
			compatibilityVersion = "Xcode 9.3";
			developmentRegion = en;
			hasScannedForEncodings = 0;
			knownRegions = (
				en,
				Base,
			);
			mainGroup = A7A16A1320D1DAFD003E1830;
			productRefGroup = A7A16A1D20D1DAFD003E1830 /* Products */;
			projectDirPath = "";
			projectRoot = "";
			targets = (
				A7A16A1B20D1DAFD003E1830 /* OpenWeatherTest */,
				A7A16A3120D1DAFE003E1830 /* OpenWeatherTestTests */,
				A7A16A3C20D1DAFE003E1830 /* OpenWeatherTestUITests */,
			);
		};
/* End PBXProject section */

/* Begin PBXResourcesBuildPhase section */
		A7A16A1A20D1DAFD003E1830 /* Resources */ = {
			isa = PBXResourcesBuildPhase;
			buildActionMask = 2147483647;
			files = (
				A761B94220D49F6F00F81F86 /* LaunchScreen.storyboard in Resources */,
				A7A16A2920D1DAFE003E1830 /* Assets.xcassets in Resources */,
				A761B94120D49F6F00F81F86 /* Main.storyboard in Resources */,
			);
			runOnlyForDeploymentPostprocessing = 0;
		};
		A7A16A3020D1DAFE003E1830 /* Resources */ = {
			isa = PBXResourcesBuildPhase;
			buildActionMask = 2147483647;
			files = (
			);
			runOnlyForDeploymentPostprocessing = 0;
		};
		A7A16A3B20D1DAFE003E1830 /* Resources */ = {
			isa = PBXResourcesBuildPhase;
			buildActionMask = 2147483647;
			files = (
			);
			runOnlyForDeploymentPostprocessing = 0;
		};
/* End PBXResourcesBuildPhase section */

/* Begin PBXShellScriptBuildPhase section */
		2AA48C4CFBFA8A424BCD172E /* [CP] Check Pods Manifest.lock */ = {
			isa = PBXShellScriptBuildPhase;
			buildActionMask = 2147483647;
			files = (
			);
			inputPaths = (
				"${PODS_PODFILE_DIR_PATH}/Podfile.lock",
				"${PODS_ROOT}/Manifest.lock",
			);
			name = "[CP] Check Pods Manifest.lock";
			outputPaths = (
				"$(DERIVED_FILE_DIR)/Pods-OpenWeatherTestUITests-checkManifestLockResult.txt",
			);
			runOnlyForDeploymentPostprocessing = 0;
			shellPath = /bin/sh;
			shellScript = "diff \"${PODS_PODFILE_DIR_PATH}/Podfile.lock\" \"${PODS_ROOT}/Manifest.lock\" > /dev/null\nif [ $? != 0 ] ; then\n    # print error to STDERR\n    echo \"error: The sandbox is not in sync with the Podfile.lock. Run 'pod install' or update your CocoaPods installation.\" >&2\n    exit 1\nfi\n# This output is used by Xcode 'outputs' to avoid re-running this script phase.\necho \"SUCCESS\" > \"${SCRIPT_OUTPUT_FILE_0}\"\n";
			showEnvVarsInLog = 0;
		};
		442C992DA0AFEE00745FC590 /* [CP] Check Pods Manifest.lock */ = {
			isa = PBXShellScriptBuildPhase;
			buildActionMask = 2147483647;
			files = (
			);
			inputPaths = (
				"${PODS_PODFILE_DIR_PATH}/Podfile.lock",
				"${PODS_ROOT}/Manifest.lock",
			);
			name = "[CP] Check Pods Manifest.lock";
			outputPaths = (
				"$(DERIVED_FILE_DIR)/Pods-OpenWeatherTest-checkManifestLockResult.txt",
			);
			runOnlyForDeploymentPostprocessing = 0;
			shellPath = /bin/sh;
			shellScript = "diff \"${PODS_PODFILE_DIR_PATH}/Podfile.lock\" \"${PODS_ROOT}/Manifest.lock\" > /dev/null\nif [ $? != 0 ] ; then\n    # print error to STDERR\n    echo \"error: The sandbox is not in sync with the Podfile.lock. Run 'pod install' or update your CocoaPods installation.\" >&2\n    exit 1\nfi\n# This output is used by Xcode 'outputs' to avoid re-running this script phase.\necho \"SUCCESS\" > \"${SCRIPT_OUTPUT_FILE_0}\"\n";
			showEnvVarsInLog = 0;
		};
		554540CD4ED74D0C88C4640D /* [CP] Check Pods Manifest.lock */ = {
			isa = PBXShellScriptBuildPhase;
			buildActionMask = 2147483647;
			files = (
			);
			inputPaths = (
				"${PODS_PODFILE_DIR_PATH}/Podfile.lock",
				"${PODS_ROOT}/Manifest.lock",
			);
			name = "[CP] Check Pods Manifest.lock";
			outputPaths = (
				"$(DERIVED_FILE_DIR)/Pods-OpenWeatherTestTests-checkManifestLockResult.txt",
			);
			runOnlyForDeploymentPostprocessing = 0;
			shellPath = /bin/sh;
			shellScript = "diff \"${PODS_PODFILE_DIR_PATH}/Podfile.lock\" \"${PODS_ROOT}/Manifest.lock\" > /dev/null\nif [ $? != 0 ] ; then\n    # print error to STDERR\n    echo \"error: The sandbox is not in sync with the Podfile.lock. Run 'pod install' or update your CocoaPods installation.\" >&2\n    exit 1\nfi\n# This output is used by Xcode 'outputs' to avoid re-running this script phase.\necho \"SUCCESS\" > \"${SCRIPT_OUTPUT_FILE_0}\"\n";
			showEnvVarsInLog = 0;
		};
		A38FA32CCF08D0BE98766055 /* [CP] Embed Pods Frameworks */ = {
			isa = PBXShellScriptBuildPhase;
			buildActionMask = 2147483647;
			files = (
			);
			inputPaths = (
				"${SRCROOT}/Pods/Target Support Files/Pods-OpenWeatherTest/Pods-OpenWeatherTest-frameworks.sh",
				"${BUILT_PRODUCTS_DIR}/Alamofire/Alamofire.framework",
				"${BUILT_PRODUCTS_DIR}/Kingfisher/Kingfisher.framework",
				"${BUILT_PRODUCTS_DIR}/RxCocoa/RxCocoa.framework",
				"${BUILT_PRODUCTS_DIR}/RxSwift/RxSwift.framework",
			);
			name = "[CP] Embed Pods Frameworks";
			outputPaths = (
				"${TARGET_BUILD_DIR}/${FRAMEWORKS_FOLDER_PATH}/Alamofire.framework",
				"${TARGET_BUILD_DIR}/${FRAMEWORKS_FOLDER_PATH}/Kingfisher.framework",
				"${TARGET_BUILD_DIR}/${FRAMEWORKS_FOLDER_PATH}/RxCocoa.framework",
				"${TARGET_BUILD_DIR}/${FRAMEWORKS_FOLDER_PATH}/RxSwift.framework",
			);
			runOnlyForDeploymentPostprocessing = 0;
			shellPath = /bin/sh;
			shellScript = "\"${SRCROOT}/Pods/Target Support Files/Pods-OpenWeatherTest/Pods-OpenWeatherTest-frameworks.sh\"\n";
			showEnvVarsInLog = 0;
		};
		A7190B3420D1F1A3003D62A5 /* Increase Build Number */ = {
			isa = PBXShellScriptBuildPhase;
			buildActionMask = 2147483647;
			files = (
			);
			inputPaths = (
			);
			name = "Increase Build Number";
			outputPaths = (
			);
			runOnlyForDeploymentPostprocessing = 0;
			shellPath = /bin/sh;
			shellScript = "buildNumber=$(/usr/libexec/PlistBuddy -c \"Print CFBundleVersion\" \"${INFOPLIST_FILE}\")\nbuildNumber=$(($buildNumber + 1))\n/usr/libexec/PlistBuddy -c \"Set :CFBundleVersion $buildNumber\" \"${INFOPLIST_FILE}\"";
		};
/* End PBXShellScriptBuildPhase section */

/* Begin PBXSourcesBuildPhase section */
		A7A16A1820D1DAFD003E1830 /* Sources */ = {
			isa = PBXSourcesBuildPhase;
			buildActionMask = 2147483647;
			files = (
				A761B95120D54D1000F81F86 /* CloudInformation.swift in Sources */,
				A761B95520D5A9EB00F81F86 /* UnitHelper.swift in Sources */,
				A761B94D20D4AE2500F81F86 /* Weather.swift in Sources */,
				A761B92820D493A800F81F86 /* ContainerRouter.swift in Sources */,
				A761B92020D4922E00F81F86 /* ContainerPresenterProtocol.swift in Sources */,
				A761B92F20D494B500F81F86 /* ContainerInteractorProtocol.swift in Sources */,
				A7190B4D20D4802C003D62A5 /* RootRouter.swift in Sources */,
				A761B92220D4924000F81F86 /* ContainerPresenter.swift in Sources */,
				A761B95320D5984700F81F86 /* ListTableViewCell.swift in Sources */,
				A761B93E20D49AF500F81F86 /* MapViewControllerProtocol.swift in Sources */,
				A7190B4220D46F5F003D62A5 /* Constants.swift in Sources */,
				A761B97320D9275200F81F86 /* GenericError.swift in Sources */,
				A761B96920D8A60500F81F86 /* PreviewViewControllerProtocol.swift in Sources */,
				A761B96D20D8AC3D00F81F86 /* PreviewRouterProtocol.swift in Sources */,
				A76348EE20E727B600AD883A /* PreviewPresenterProtocol.swift in Sources */,
				A761B93820D4994D00F81F86 /* MapPresenterProtocol.swift in Sources */,
				A76348F020E7280200AD883A /* PreviewPresenter.swift in Sources */,
				A761B92620D4939D00F81F86 /* ContainerRouterProtocol.swift in Sources */,
				A7190B4020D46F00003D62A5 /* NetworkManager.swift in Sources */,
				A761B93620D4993E00F81F86 /* MapPresenter.swift in Sources */,
				A761B95F20D887D500F81F86 /* NetworkError.swift in Sources */,
				A761B96220D88E4700F81F86 /* Error+Code.swift in Sources */,
				A761B94B20D4ABEF00F81F86 /* Wind.swift in Sources */,
				A761B95820D74E6400F81F86 /* MapAnnotation.swift in Sources */,
				A761B90B20D48BA800F81F86 /* ListPresenterProtocol.swift in Sources */,
				A761B96B20D8A64D00F81F86 /* PreviewViewController.swift in Sources */,
				A761B97120D9269E00F81F86 /* DecodingError.swift in Sources */,
				A761B94F20D54C1C00F81F86 /* MainInformation.swift in Sources */,
				A76348E620DEAC0600AD883A /* Loadable.swift in Sources */,
				A761B92B20D493D000F81F86 /* ContainerViewControllerProtocol.swift in Sources */,
				A761B94920D4A98900F81F86 /* Coordinates.swift in Sources */,
				A7A16A2420D1DAFD003E1830 /* MapViewController.swift in Sources */,
				A7A16A2020D1DAFD003E1830 /* AppDelegate.swift in Sources */,
				A761B94520D4A7BA00F81F86 /* WeatherList.swift in Sources */,
				A7190B5020D4804D003D62A5 /* RootRouterProtocol.swift in Sources */,
				A761B90920D48B9100F81F86 /* ListPresenter.swift in Sources */,
				A761B96F20D8AC6100F81F86 /* PreviewRouter.swift in Sources */,
				A761B91D20D48E1000F81F86 /* ListViewControllerProtocol.swift in Sources */,
				A761B96420D899B800F81F86 /* KingfisherHelper.swift in Sources */,
				A761B92D20D494AA00F81F86 /* ContainerInteractor.swift in Sources */,
				A761B94720D4A84300F81F86 /* CityInformation.swift in Sources */,
				A761B90520D4884200F81F86 /* ContainerViewController.swift in Sources */,
				A7A16A2220D1DAFD003E1830 /* ListViewController.swift in Sources */,
			);
			runOnlyForDeploymentPostprocessing = 0;
		};
		A7A16A2E20D1DAFE003E1830 /* Sources */ = {
			isa = PBXSourcesBuildPhase;
			buildActionMask = 2147483647;
			files = (
				A7A16A3720D1DAFE003E1830 /* OpenWeatherTestTests.swift in Sources */,
			);
			runOnlyForDeploymentPostprocessing = 0;
		};
		A7A16A3920D1DAFE003E1830 /* Sources */ = {
			isa = PBXSourcesBuildPhase;
			buildActionMask = 2147483647;
			files = (
				A7A16A4220D1DAFE003E1830 /* OpenWeatherTestUITests.swift in Sources */,
			);
			runOnlyForDeploymentPostprocessing = 0;
		};
/* End PBXSourcesBuildPhase section */

/* Begin PBXTargetDependency section */
		A7A16A3420D1DAFE003E1830 /* PBXTargetDependency */ = {
			isa = PBXTargetDependency;
			target = A7A16A1B20D1DAFD003E1830 /* OpenWeatherTest */;
			targetProxy = A7A16A3320D1DAFE003E1830 /* PBXContainerItemProxy */;
		};
		A7A16A3F20D1DAFE003E1830 /* PBXTargetDependency */ = {
			isa = PBXTargetDependency;
			target = A7A16A1B20D1DAFD003E1830 /* OpenWeatherTest */;
			targetProxy = A7A16A3E20D1DAFE003E1830 /* PBXContainerItemProxy */;
		};
/* End PBXTargetDependency section */

/* Begin XCBuildConfiguration section */
		A7A16A4420D1DAFE003E1830 /* Debug */ = {
			isa = XCBuildConfiguration;
			buildSettings = {
				ALWAYS_SEARCH_USER_PATHS = NO;
				CLANG_ANALYZER_NONNULL = YES;
				CLANG_ANALYZER_NUMBER_OBJECT_CONVERSION = YES_AGGRESSIVE;
				CLANG_CXX_LANGUAGE_STANDARD = "gnu++14";
				CLANG_CXX_LIBRARY = "libc++";
				CLANG_ENABLE_MODULES = YES;
				CLANG_ENABLE_OBJC_ARC = YES;
				CLANG_ENABLE_OBJC_WEAK = YES;
				CLANG_WARN_BLOCK_CAPTURE_AUTORELEASING = YES;
				CLANG_WARN_BOOL_CONVERSION = YES;
				CLANG_WARN_COMMA = YES;
				CLANG_WARN_CONSTANT_CONVERSION = YES;
				CLANG_WARN_DEPRECATED_OBJC_IMPLEMENTATIONS = YES;
				CLANG_WARN_DIRECT_OBJC_ISA_USAGE = YES_ERROR;
				CLANG_WARN_DOCUMENTATION_COMMENTS = YES;
				CLANG_WARN_EMPTY_BODY = YES;
				CLANG_WARN_ENUM_CONVERSION = YES;
				CLANG_WARN_INFINITE_RECURSION = YES;
				CLANG_WARN_INT_CONVERSION = YES;
				CLANG_WARN_NON_LITERAL_NULL_CONVERSION = YES;
				CLANG_WARN_OBJC_IMPLICIT_RETAIN_SELF = YES;
				CLANG_WARN_OBJC_LITERAL_CONVERSION = YES;
				CLANG_WARN_OBJC_ROOT_CLASS = YES_ERROR;
				CLANG_WARN_RANGE_LOOP_ANALYSIS = YES;
				CLANG_WARN_STRICT_PROTOTYPES = YES;
				CLANG_WARN_SUSPICIOUS_MOVE = YES;
				CLANG_WARN_UNGUARDED_AVAILABILITY = YES_AGGRESSIVE;
				CLANG_WARN_UNREACHABLE_CODE = YES;
				CLANG_WARN__DUPLICATE_METHOD_MATCH = YES;
				CODE_SIGN_IDENTITY = "iPhone Developer";
				COPY_PHASE_STRIP = NO;
				DEBUG_INFORMATION_FORMAT = dwarf;
				ENABLE_STRICT_OBJC_MSGSEND = YES;
				ENABLE_TESTABILITY = YES;
				GCC_C_LANGUAGE_STANDARD = gnu11;
				GCC_DYNAMIC_NO_PIC = NO;
				GCC_NO_COMMON_BLOCKS = YES;
				GCC_OPTIMIZATION_LEVEL = 0;
				GCC_PREPROCESSOR_DEFINITIONS = (
					"DEBUG=1",
					"$(inherited)",
				);
				GCC_WARN_64_TO_32_BIT_CONVERSION = YES;
				GCC_WARN_ABOUT_RETURN_TYPE = YES_ERROR;
				GCC_WARN_UNDECLARED_SELECTOR = YES;
				GCC_WARN_UNINITIALIZED_AUTOS = YES_AGGRESSIVE;
				GCC_WARN_UNUSED_FUNCTION = YES;
				GCC_WARN_UNUSED_VARIABLE = YES;
				IPHONEOS_DEPLOYMENT_TARGET = 11.4;
				MTL_ENABLE_DEBUG_INFO = YES;
				ONLY_ACTIVE_ARCH = YES;
				SDKROOT = iphoneos;
				SWIFT_ACTIVE_COMPILATION_CONDITIONS = DEBUG;
				SWIFT_OPTIMIZATION_LEVEL = "-Onone";
			};
			name = Debug;
		};
		A7A16A4520D1DAFE003E1830 /* Release */ = {
			isa = XCBuildConfiguration;
			buildSettings = {
				ALWAYS_SEARCH_USER_PATHS = NO;
				CLANG_ANALYZER_NONNULL = YES;
				CLANG_ANALYZER_NUMBER_OBJECT_CONVERSION = YES_AGGRESSIVE;
				CLANG_CXX_LANGUAGE_STANDARD = "gnu++14";
				CLANG_CXX_LIBRARY = "libc++";
				CLANG_ENABLE_MODULES = YES;
				CLANG_ENABLE_OBJC_ARC = YES;
				CLANG_ENABLE_OBJC_WEAK = YES;
				CLANG_WARN_BLOCK_CAPTURE_AUTORELEASING = YES;
				CLANG_WARN_BOOL_CONVERSION = YES;
				CLANG_WARN_COMMA = YES;
				CLANG_WARN_CONSTANT_CONVERSION = YES;
				CLANG_WARN_DEPRECATED_OBJC_IMPLEMENTATIONS = YES;
				CLANG_WARN_DIRECT_OBJC_ISA_USAGE = YES_ERROR;
				CLANG_WARN_DOCUMENTATION_COMMENTS = YES;
				CLANG_WARN_EMPTY_BODY = YES;
				CLANG_WARN_ENUM_CONVERSION = YES;
				CLANG_WARN_INFINITE_RECURSION = YES;
				CLANG_WARN_INT_CONVERSION = YES;
				CLANG_WARN_NON_LITERAL_NULL_CONVERSION = YES;
				CLANG_WARN_OBJC_IMPLICIT_RETAIN_SELF = YES;
				CLANG_WARN_OBJC_LITERAL_CONVERSION = YES;
				CLANG_WARN_OBJC_ROOT_CLASS = YES_ERROR;
				CLANG_WARN_RANGE_LOOP_ANALYSIS = YES;
				CLANG_WARN_STRICT_PROTOTYPES = YES;
				CLANG_WARN_SUSPICIOUS_MOVE = YES;
				CLANG_WARN_UNGUARDED_AVAILABILITY = YES_AGGRESSIVE;
				CLANG_WARN_UNREACHABLE_CODE = YES;
				CLANG_WARN__DUPLICATE_METHOD_MATCH = YES;
				CODE_SIGN_IDENTITY = "iPhone Developer";
				COPY_PHASE_STRIP = NO;
				DEBUG_INFORMATION_FORMAT = "dwarf-with-dsym";
				ENABLE_NS_ASSERTIONS = NO;
				ENABLE_STRICT_OBJC_MSGSEND = YES;
				GCC_C_LANGUAGE_STANDARD = gnu11;
				GCC_NO_COMMON_BLOCKS = YES;
				GCC_WARN_64_TO_32_BIT_CONVERSION = YES;
				GCC_WARN_ABOUT_RETURN_TYPE = YES_ERROR;
				GCC_WARN_UNDECLARED_SELECTOR = YES;
				GCC_WARN_UNINITIALIZED_AUTOS = YES_AGGRESSIVE;
				GCC_WARN_UNUSED_FUNCTION = YES;
				GCC_WARN_UNUSED_VARIABLE = YES;
				IPHONEOS_DEPLOYMENT_TARGET = 11.4;
				MTL_ENABLE_DEBUG_INFO = NO;
				SDKROOT = iphoneos;
				SWIFT_COMPILATION_MODE = wholemodule;
				SWIFT_OPTIMIZATION_LEVEL = "-O";
				VALIDATE_PRODUCT = YES;
			};
			name = Release;
		};
		A7A16A4720D1DAFE003E1830 /* Debug */ = {
			isa = XCBuildConfiguration;
			baseConfigurationReference = 835C7B2633408FBC75BCEBD3 /* Pods-OpenWeatherTest.debug.xcconfig */;
			buildSettings = {
				ASSETCATALOG_COMPILER_APPICON_NAME = AppIcon;
				CODE_SIGN_STYLE = Automatic;
				DEVELOPMENT_TEAM = 54MQQS737M;
				INFOPLIST_FILE = "$(SRCROOT)/OpenWeatherTest/Application/Info.plist";
				IPHONEOS_DEPLOYMENT_TARGET = 11.0;
				LD_RUNPATH_SEARCH_PATHS = (
					"$(inherited)",
					"@executable_path/Frameworks",
				);
				PRODUCT_BUNDLE_IDENTIFIER = com.gabecode.luizalabsopenweathertest;
				PRODUCT_NAME = "$(TARGET_NAME)";
				SWIFT_VERSION = 4.0;
				TARGETED_DEVICE_FAMILY = "1,2";
			};
			name = Debug;
		};
		A7A16A4820D1DAFE003E1830 /* Release */ = {
			isa = XCBuildConfiguration;
			baseConfigurationReference = 989871E5AA6A5C18AD1CDCDC /* Pods-OpenWeatherTest.release.xcconfig */;
			buildSettings = {
				ASSETCATALOG_COMPILER_APPICON_NAME = AppIcon;
				CODE_SIGN_STYLE = Automatic;
				DEVELOPMENT_TEAM = 54MQQS737M;
				INFOPLIST_FILE = "$(SRCROOT)/OpenWeatherTest/Application/Info.plist";
				IPHONEOS_DEPLOYMENT_TARGET = 11.0;
				LD_RUNPATH_SEARCH_PATHS = (
					"$(inherited)",
					"@executable_path/Frameworks",
				);
				PRODUCT_BUNDLE_IDENTIFIER = com.gabecode.luizalabsopenweathertest;
				PRODUCT_NAME = "$(TARGET_NAME)";
				SWIFT_VERSION = 4.0;
				TARGETED_DEVICE_FAMILY = "1,2";
			};
			name = Release;
		};
		A7A16A4A20D1DAFE003E1830 /* Debug */ = {
			isa = XCBuildConfiguration;
			baseConfigurationReference = B7F05F3FF7A8C91EFC0F10A7 /* Pods-OpenWeatherTestTests.debug.xcconfig */;
			buildSettings = {
				ALWAYS_EMBED_SWIFT_STANDARD_LIBRARIES = YES;
				BUNDLE_LOADER = "$(TEST_HOST)";
				CODE_SIGN_STYLE = Automatic;
				DEVELOPMENT_TEAM = 54MQQS737M;
				INFOPLIST_FILE = OpenWeatherTestTests/Info.plist;
				LD_RUNPATH_SEARCH_PATHS = (
					"$(inherited)",
					"@executable_path/Frameworks",
					"@loader_path/Frameworks",
				);
				PRODUCT_BUNDLE_IDENTIFIER = com.gabecode.OpenWeatherTestTests;
				PRODUCT_NAME = "$(TARGET_NAME)";
				SWIFT_VERSION = 4.0;
				TARGETED_DEVICE_FAMILY = "1,2";
				TEST_HOST = "$(BUILT_PRODUCTS_DIR)/OpenWeatherTest.app/OpenWeatherTest";
			};
			name = Debug;
		};
		A7A16A4B20D1DAFE003E1830 /* Release */ = {
			isa = XCBuildConfiguration;
			baseConfigurationReference = 5702A6011E3942D1B14E894A /* Pods-OpenWeatherTestTests.release.xcconfig */;
			buildSettings = {
				ALWAYS_EMBED_SWIFT_STANDARD_LIBRARIES = YES;
				BUNDLE_LOADER = "$(TEST_HOST)";
				CODE_SIGN_STYLE = Automatic;
				DEVELOPMENT_TEAM = 54MQQS737M;
				INFOPLIST_FILE = OpenWeatherTestTests/Info.plist;
				LD_RUNPATH_SEARCH_PATHS = (
					"$(inherited)",
					"@executable_path/Frameworks",
					"@loader_path/Frameworks",
				);
				PRODUCT_BUNDLE_IDENTIFIER = com.gabecode.OpenWeatherTestTests;
				PRODUCT_NAME = "$(TARGET_NAME)";
				SWIFT_VERSION = 4.0;
				TARGETED_DEVICE_FAMILY = "1,2";
				TEST_HOST = "$(BUILT_PRODUCTS_DIR)/OpenWeatherTest.app/OpenWeatherTest";
			};
			name = Release;
		};
		A7A16A4D20D1DAFE003E1830 /* Debug */ = {
			isa = XCBuildConfiguration;
			baseConfigurationReference = 84414A023A0B8EEF5848241F /* Pods-OpenWeatherTestUITests.debug.xcconfig */;
			buildSettings = {
				ALWAYS_EMBED_SWIFT_STANDARD_LIBRARIES = YES;
				CODE_SIGN_STYLE = Automatic;
				DEVELOPMENT_TEAM = 54MQQS737M;
				INFOPLIST_FILE = OpenWeatherTestUITests/Info.plist;
				LD_RUNPATH_SEARCH_PATHS = (
					"$(inherited)",
					"@executable_path/Frameworks",
					"@loader_path/Frameworks",
				);
				PRODUCT_BUNDLE_IDENTIFIER = com.gabecode.OpenWeatherTestUITests;
				PRODUCT_NAME = "$(TARGET_NAME)";
				SWIFT_VERSION = 4.0;
				TARGETED_DEVICE_FAMILY = "1,2";
				TEST_TARGET_NAME = OpenWeatherTest;
			};
			name = Debug;
		};
		A7A16A4E20D1DAFE003E1830 /* Release */ = {
			isa = XCBuildConfiguration;
			baseConfigurationReference = A34C5B42B05C62BD9565D493 /* Pods-OpenWeatherTestUITests.release.xcconfig */;
			buildSettings = {
				ALWAYS_EMBED_SWIFT_STANDARD_LIBRARIES = YES;
				CODE_SIGN_STYLE = Automatic;
				DEVELOPMENT_TEAM = 54MQQS737M;
				INFOPLIST_FILE = OpenWeatherTestUITests/Info.plist;
				LD_RUNPATH_SEARCH_PATHS = (
					"$(inherited)",
					"@executable_path/Frameworks",
					"@loader_path/Frameworks",
				);
				PRODUCT_BUNDLE_IDENTIFIER = com.gabecode.OpenWeatherTestUITests;
				PRODUCT_NAME = "$(TARGET_NAME)";
				SWIFT_VERSION = 4.0;
				TARGETED_DEVICE_FAMILY = "1,2";
				TEST_TARGET_NAME = OpenWeatherTest;
			};
			name = Release;
		};
/* End XCBuildConfiguration section */

/* Begin XCConfigurationList section */
		A7A16A1720D1DAFD003E1830 /* Build configuration list for PBXProject "OpenWeatherTest" */ = {
			isa = XCConfigurationList;
			buildConfigurations = (
				A7A16A4420D1DAFE003E1830 /* Debug */,
				A7A16A4520D1DAFE003E1830 /* Release */,
			);
			defaultConfigurationIsVisible = 0;
			defaultConfigurationName = Release;
		};
		A7A16A4620D1DAFE003E1830 /* Build configuration list for PBXNativeTarget "OpenWeatherTest" */ = {
			isa = XCConfigurationList;
			buildConfigurations = (
				A7A16A4720D1DAFE003E1830 /* Debug */,
				A7A16A4820D1DAFE003E1830 /* Release */,
			);
			defaultConfigurationIsVisible = 0;
			defaultConfigurationName = Release;
		};
		A7A16A4920D1DAFE003E1830 /* Build configuration list for PBXNativeTarget "OpenWeatherTestTests" */ = {
			isa = XCConfigurationList;
			buildConfigurations = (
				A7A16A4A20D1DAFE003E1830 /* Debug */,
				A7A16A4B20D1DAFE003E1830 /* Release */,
			);
			defaultConfigurationIsVisible = 0;
			defaultConfigurationName = Release;
		};
		A7A16A4C20D1DAFE003E1830 /* Build configuration list for PBXNativeTarget "OpenWeatherTestUITests" */ = {
			isa = XCConfigurationList;
			buildConfigurations = (
				A7A16A4D20D1DAFE003E1830 /* Debug */,
				A7A16A4E20D1DAFE003E1830 /* Release */,
			);
			defaultConfigurationIsVisible = 0;
			defaultConfigurationName = Release;
		};
/* End XCConfigurationList section */
	};
	rootObject = A7A16A1420D1DAFD003E1830 /* Project object */;
}
